
Microsoft Visual Studio Solution File, Format Version 12.00
# Visual Studio Version 16
VisualStudioVersion = 16.0.31321.278
MinimumVisualStudioVersion = 10.0.40219.1
Project("{FAE04EC0-301F-11D3-BF4B-00C04F79EFBC}") = "RiskMatrixTool", "RiskMatrixTool.csproj", "{6A250B57-2E7E-4266-AB02-7287AEA42C8F}"
EndProject
Global
	GlobalSection(SolutionConfigurationPlatforms) = preSolution
		Debug|Any CPU = Debug|Any CPU
		Release|Any CPU = Release|Any CPU
	EndGlobalSection
	GlobalSection(ProjectConfigurationPlatforms) = postSolution
		{6A250B57-2E7E-4266-AB02-7287AEA42C8F}.Debug|Any CPU.ActiveCfg = Debug|Any CPU
		{6A250B57-2E7E-4266-AB02-7287AEA42C8F}.Debug|Any CPU.Build.0 = Debug|Any CPU
		{6A250B57-2E7E-4266-AB02-7287AEA42C8F}.Release|Any CPU.ActiveCfg = Release|Any CPU
		{6A250B57-2E7E-4266-AB02-7287AEA42C8F}.Release|Any CPU.Build.0 = Release|Any CPU
	EndGlobalSection
	GlobalSection(SolutionProperties) = preSolution
		HideSolutionNode = FALSE
	EndGlobalSection
	GlobalSection(ExtensibilityGlobals) = postSolution
		SolutionGuid = {FEBF227C-129D-485B-8E95-1B76E2F01C36}
	EndGlobalSection
EndGlobal
